PODS:
  - AWSCore (2.13.1)
  - AWSRekognition (2.13.1):
    - AWSCore (= 2.13.1)

DEPENDENCIES:
  - AWSRekognition

SPEC REPOS:
  trunk:
    - AWSCore
    - AWSRekognition

SPEC CHECKSUMS:
  AWSCore: ec394695d054fa4136b20ccd22d8901faea5de04
  AWSRekognition: 6c547e211b504e31a77ff9e543945b440c8df739

PODFILE CHECKSUM: e921cf96c526c36e57dc69f16e6cb23474872b3e

COCOAPODS: 1.8.4
